<?xml version="1.0" encoding="utf-8"?>
<Project ToolsVersion="4.0" xmlns="http://schemas.microsoft.com/developer/msbuild/2003">
  <ItemGroup>
    <Filter Include="win32">
      <UniqueIdentifier>{84a8ebd7-7cf0-47f6-b75e-d441df67da40}</UniqueIdentifier>
    </Filter>
    <Filter Include="resource">
      <UniqueIdentifier>{715254bc-d70b-4ec5-bf29-467dd3ace079}</UniqueIdentifier>
    </Filter>
    <Filter Include="src">
      <UniqueIdentifier>{bb6c862e-70e9-49d9-81b7-3829a6f50471}</UniqueIdentifier>
    </Filter>
  </ItemGroup>
  <ItemGroup>
    <ClCompile Include="main.cpp">
      <Filter>win32</Filter>
    </ClCompile>
    <ClCompile Include="..\Classes\AppDelegate.cpp">
      <Filter>src</Filter>
    </ClCompile>
    <ClCompile Include="..\Classes\AttackTower.cpp">
      <Filter>src</Filter>
    </ClCompile>
    <ClCompile Include="..\Classes\Bullet.cpp">
      <Filter>src</Filter>
    </ClCompile>
    <ClCompile Include="..\Classes\ColdTower.cpp">
      <Filter>src</Filter>
    </ClCompile>
    <ClCompile Include="..\Classes\Enemy.cpp">
      <Filter>src</Filter>
    </ClCompile>
    <ClCompile Include="..\Classes\GameManager.cpp">
      <Filter>src</Filter>
    </ClCompile>
    <ClCompile Include="..\Classes\GamePlayLayer.cpp">
      <Filter>src</Filter>
    </ClCompile>
    <ClCompile Include="..\Classes\GroupEnemy.cpp">
      <Filter>src</Filter>
    </ClCompile>
    <ClCompile Include="..\Classes\GuideScene.cpp">
      <Filter>src</Filter>
    </ClCompile>
    <ClCompile Include="..\Classes\LevelInfoScene.cpp">
      <Filter>src</Filter>
    </ClCompile>
    <ClCompile Include="..\Classes\LevelScene.cpp">
      <Filter>src</Filter>
    </ClCompile>
    <ClCompile Include="..\Classes\LevelSelectPage.cpp">
      <Filter>src</Filter>
    </ClCompile>
    <ClCompile Include="..\Classes\LoadLevelInfo.cpp">
      <Filter>src</Filter>
    </ClCompile>
    <ClCompile Include="..\Classes\LoseScene.cpp">
      <Filter>src</Filter>
    </ClCompile>
    <ClCompile Include="..\Classes\MultiDirTower.cpp">
      <Filter>src</Filter>
    </ClCompile>
    <ClCompile Include="..\Classes\Tower.cpp">
      <Filter>src</Filter>
    </ClCompile>
    <ClCompile Include="..\Classes\TowerOperateLayer.cpp">
      <Filter>src</Filter>
    </ClCompile>
    <ClCompile Include="..\Classes\TowerPanleLayer.cpp">
      <Filter>src</Filter>
    </ClCompile>
    <ClCompile Include="..\Classes\WinScene.cpp">
      <Filter>src</Filter>
    </ClCompile>
    <ClCompile Include="..\Classes\GameStartScene.cpp">
      <Filter>src</Filter>
    </ClCompile>
    <ClCompile Include="..\Classes\ScrollView.cpp">
      <Filter>src</Filter>
    </ClCompile>
  </ItemGroup>
  <ItemGroup>
    <ClInclude Include="main.h">
      <Filter>win32</Filter>
    </ClInclude>
    <ClInclude Include="..\Classes\AppDelegate.h">
      <Filter>src</Filter>
    </ClInclude>
    <ClInclude Include="..\Classes\AttackTower.hpp">
      <Filter>src</Filter>
    </ClInclude>
    <ClInclude Include="..\Classes\Bullet.hpp">
      <Filter>src</Filter>
    </ClInclude>
    <ClInclude Include="..\Classes\ColdTower.hpp">
      <Filter>src</Filter>
    </ClInclude>
    <ClInclude Include="..\Classes\Enemy.hpp">
      <Filter>src</Filter>
    </ClInclude>
    <ClInclude Include="..\Classes\GameManager.hpp">
      <Filter>src</Filter>
    </ClInclude>
    <ClInclude Include="..\Classes\GamePlayLayer.hpp">
      <Filter>src</Filter>
    </ClInclude>
    <ClInclude Include="..\Classes\GroupEnemy.hpp">
      <Filter>src</Filter>
    </ClInclude>
    <ClInclude Include="..\Classes\GuideScene.h">
      <Filter>src</Filter>
    </ClInclude>
    <ClInclude Include="..\Classes\LevelInfoScene.hpp">
      <Filter>src</Filter>
    </ClInclude>
    <ClInclude Include="..\Classes\LevelScene.h">
      <Filter>src</Filter>
    </ClInclude>
    <ClInclude Include="..\Classes\LevelSelectPage.h">
      <Filter>src</Filter>
    </ClInclude>
    <ClInclude Include="..\Classes\LoadLevelInfo.hpp">
      <Filter>src</Filter>
    </ClInclude>
    <ClInclude Include="..\Classes\LoseScene.h">
      <Filter>src</Filter>
    </ClInclude>
    <ClInclude Include="..\Classes\MultiDirTower.hpp">
      <Filter>src</Filter>
    </ClInclude>
    <ClInclude Include="..\Classes\Tower.hpp">
      <Filter>src</Filter>
    </ClInclude>
    <ClInclude Include="..\Classes\TowerOperateLayer.hpp">
      <Filter>src</Filter>
    </ClInclude>
    <ClInclude Include="..\Classes\TowerPanleLayer.hpp">
      <Filter>src</Filter>
    </ClInclude>
    <ClInclude Include="..\Classes\WinScene.h">
      <Filter>src</Filter>
    </ClInclude>
    <ClInclude Include="..\Classes\GameStartScene.h">
      <Filter>src</Filter>
    </ClInclude>
    <ClInclude Include="..\Classes\ScrollView.h">
      <Filter>src</Filter>
    </ClInclude>
  </ItemGroup>
  <ItemGroup>
    <ResourceCompile Include="game.rc">
      <Filter>resource</Filter>
    </ResourceCompile>
  </ItemGroup>
</Project>